<?xml version="1.0" encoding="utf-8"?>
<Project ToolsVersion="4.0" xmlns="http://schemas.microsoft.com/developer/msbuild/2003">
  <ItemGroup>
    <Filter Include="소스 파일">
      <UniqueIdentifier>{4FC737F1-C7A5-4376-A066-2A32D752A2FF}</UniqueIdentifier>
      <Extensions>cpp;c;cc;cxx;def;odl;idl;hpj;bat;asm;asmx</Extensions>
    </Filter>
    <Filter Include="헤더 파일">
      <UniqueIdentifier>{93995380-89BD-4b04-88EB-625FBE52EBFB}</UniqueIdentifier>
      <Extensions>h;hh;hpp;hxx;hm;inl;inc;ipp;xsd</Extensions>
    </Filter>
    <Filter Include="Shader">
      <UniqueIdentifier>{67DA6AB6-F800-4c08-8B7A-83BB121AAD01}</UniqueIdentifier>
      <Extensions>rc;ico;cur;bmp;dlg;rc2;rct;bin;rgs;gif;jpg;jpeg;jpe;resx;tiff;tif;png;wav;mfcribbon-ms</Extensions>
    </Filter>
  </ItemGroup>
  <ItemGroup>
    <None Include="Texture.vs">
      <Filter>Shader</Filter>
    </None>
    <None Include="Terrain.vs">
      <Filter>Shader</Filter>
    </None>
    <None Include="SkyPlane.vs">
      <Filter>Shader</Filter>
    </None>
    <None Include="SkyDome.vs">
      <Filter>Shader</Filter>
    </None>
    <None Include="Shadow.vs">
      <Filter>Shader</Filter>
    </None>
    <None Include="Light.vs">
      <Filter>Shader</Filter>
    </None>
    <None Include="Font.vs">
      <Filter>Shader</Filter>
    </None>
    <None Include="Depth.vs">
      <Filter>Shader</Filter>
    </None>
    <None Include="Color.vs">
      <Filter>Shader</Filter>
    </None>
    <None Include="Texture.ps">
      <Filter>Shader</Filter>
    </None>
    <None Include="Terrain.ps">
      <Filter>Shader</Filter>
    </None>
    <None Include="SkyPlane.ps">
      <Filter>Shader</Filter>
    </None>
    <None Include="SkyDome.ps">
      <Filter>Shader</Filter>
    </None>
    <None Include="Shadow.ps">
      <Filter>Shader</Filter>
    </None>
    <None Include="Light.ps">
      <Filter>Shader</Filter>
    </None>
    <None Include="Font.ps">
      <Filter>Shader</Filter>
    </None>
    <None Include="Depth.ps">
      <Filter>Shader</Filter>
    </None>
    <None Include="Color.ps">
      <Filter>Shader</Filter>
    </None>
    <None Include="particle.ps">
      <Filter>Shader</Filter>
    </None>
    <None Include="particle.vs">
      <Filter>Shader</Filter>
    </None>
  </ItemGroup>
  <ItemGroup>
    <ClCompile Include="Bitmap.cpp">
      <Filter>소스 파일</Filter>
    </ClCompile>
    <ClCompile Include="Camera.cpp">
      <Filter>소스 파일</Filter>
    </ClCompile>
    <ClCompile Include="ColorShader.cpp">
      <Filter>소스 파일</Filter>
    </ClCompile>
    <ClCompile Include="CPU.cpp">
      <Filter>소스 파일</Filter>
    </ClCompile>
    <ClCompile Include="DepthShader.cpp">
      <Filter>소스 파일</Filter>
    </ClCompile>
    <ClCompile Include="Direct3D.cpp">
      <Filter>소스 파일</Filter>
    </ClCompile>
    <ClCompile Include="Font.cpp">
      <Filter>소스 파일</Filter>
    </ClCompile>
    <ClCompile Include="FontShader.cpp">
      <Filter>소스 파일</Filter>
    </ClCompile>
    <ClCompile Include="FPS.cpp">
      <Filter>소스 파일</Filter>
    </ClCompile>
    <ClCompile Include="Frustum.cpp">
      <Filter>소스 파일</Filter>
    </ClCompile>
    <ClCompile Include="Graphics.cpp">
      <Filter>소스 파일</Filter>
    </ClCompile>
    <ClCompile Include="Input.cpp">
      <Filter>소스 파일</Filter>
    </ClCompile>
    <ClCompile Include="Light.cpp">
      <Filter>소스 파일</Filter>
    </ClCompile>
    <ClCompile Include="LightShader.cpp">
      <Filter>소스 파일</Filter>
    </ClCompile>
    <ClCompile Include="main.cpp">
      <Filter>소스 파일</Filter>
    </ClCompile>
    <ClCompile Include="Model.cpp">
      <Filter>소스 파일</Filter>
    </ClCompile>
    <ClCompile Include="PCH.cpp">
      <Filter>소스 파일</Filter>
    </ClCompile>
    <ClCompile Include="RenderTexture.cpp">
      <Filter>소스 파일</Filter>
    </ClCompile>
    <ClCompile Include="ShaderManager.cpp">
      <Filter>소스 파일</Filter>
    </ClCompile>
    <ClCompile Include="ShadowShader.cpp">
      <Filter>소스 파일</Filter>
    </ClCompile>
    <ClCompile Include="SkyDome.cpp">
      <Filter>소스 파일</Filter>
    </ClCompile>
    <ClCompile Include="SkyDomeShader.cpp">
      <Filter>소스 파일</Filter>
    </ClCompile>
    <ClCompile Include="SkyPlane.cpp">
      <Filter>소스 파일</Filter>
    </ClCompile>
    <ClCompile Include="SkyPlaneShader.cpp">
      <Filter>소스 파일</Filter>
    </ClCompile>
    <ClCompile Include="Sound.cpp">
      <Filter>소스 파일</Filter>
    </ClCompile>
    <ClCompile Include="System.cpp">
      <Filter>소스 파일</Filter>
    </ClCompile>
    <ClCompile Include="Terrain.cpp">
      <Filter>소스 파일</Filter>
    </ClCompile>
    <ClCompile Include="TerrainShader.cpp">
      <Filter>소스 파일</Filter>
    </ClCompile>
    <ClCompile Include="Text.cpp">
      <Filter>소스 파일</Filter>
    </ClCompile>
    <ClCompile Include="Texture.cpp">
      <Filter>소스 파일</Filter>
    </ClCompile>
    <ClCompile Include="TextureManager.cpp">
      <Filter>소스 파일</Filter>
    </ClCompile>
    <ClCompile Include="TextureShader.cpp">
      <Filter>소스 파일</Filter>
    </ClCompile>
    <ClCompile Include="Timer.cpp">
      <Filter>소스 파일</Filter>
    </ClCompile>
    <ClCompile Include="QuadTree.cpp">
      <Filter>소스 파일</Filter>
    </ClCompile>
    <ClCompile Include="Minimap.cpp">
      <Filter>소스 파일</Filter>
    </ClCompile>
    <ClCompile Include="particlesystemclass.cpp">
      <Filter>소스 파일</Filter>
    </ClCompile>
    <ClCompile Include="particleshaderclass.cpp">
      <Filter>소스 파일</Filter>
    </ClCompile>
  </ItemGroup>
  <ItemGroup>
    <ClInclude Include="Bitmap.h">
      <Filter>헤더 파일</Filter>
    </ClInclude>
    <ClInclude Include="Camera.h">
      <Filter>헤더 파일</Filter>
    </ClInclude>
    <ClInclude Include="ColorShader.h">
      <Filter>헤더 파일</Filter>
    </ClInclude>
    <ClInclude Include="CPU.h">
      <Filter>헤더 파일</Filter>
    </ClInclude>
    <ClInclude Include="DepthShader.h">
      <Filter>헤더 파일</Filter>
    </ClInclude>
    <ClInclude Include="Direct3D.h">
      <Filter>헤더 파일</Filter>
    </ClInclude>
    <ClInclude Include="Font.h">
      <Filter>헤더 파일</Filter>
    </ClInclude>
    <ClInclude Include="FontShader.h">
      <Filter>헤더 파일</Filter>
    </ClInclude>
    <ClInclude Include="FPS.h">
      <Filter>헤더 파일</Filter>
    </ClInclude>
    <ClInclude Include="Frustum.h">
      <Filter>헤더 파일</Filter>
    </ClInclude>
    <ClInclude Include="Graphics.h">
      <Filter>헤더 파일</Filter>
    </ClInclude>
    <ClInclude Include="Input.h">
      <Filter>헤더 파일</Filter>
    </ClInclude>
    <ClInclude Include="Light.h">
      <Filter>헤더 파일</Filter>
    </ClInclude>
    <ClInclude Include="LightShader.h">
      <Filter>헤더 파일</Filter>
    </ClInclude>
    <ClInclude Include="Model.h">
      <Filter>헤더 파일</Filter>
    </ClInclude>
    <ClInclude Include="PCH.h">
      <Filter>헤더 파일</Filter>
    </ClInclude>
    <ClInclude Include="RenderTexture.h">
      <Filter>헤더 파일</Filter>
    </ClInclude>
    <ClInclude Include="ShaderManager.h">
      <Filter>헤더 파일</Filter>
    </ClInclude>
    <ClInclude Include="ShadowShader.h">
      <Filter>헤더 파일</Filter>
    </ClInclude>
    <ClInclude Include="SkyDome.h">
      <Filter>헤더 파일</Filter>
    </ClInclude>
    <ClInclude Include="SkyDomeShader.h">
      <Filter>헤더 파일</Filter>
    </ClInclude>
    <ClInclude Include="SkyPlane.h">
      <Filter>헤더 파일</Filter>
    </ClInclude>
    <ClInclude Include="SkyPlaneShader.h">
      <Filter>헤더 파일</Filter>
    </ClInclude>
    <ClInclude Include="Sound.h">
      <Filter>헤더 파일</Filter>
    </ClInclude>
    <ClInclude Include="System.h">
      <Filter>헤더 파일</Filter>
    </ClInclude>
    <ClInclude Include="Terrain.h">
      <Filter>헤더 파일</Filter>
    </ClInclude>
    <ClInclude Include="TerrainShader.h">
      <Filter>헤더 파일</Filter>
    </ClInclude>
    <ClInclude Include="Text.h">
      <Filter>헤더 파일</Filter>
    </ClInclude>
    <ClInclude Include="Texture.h">
      <Filter>헤더 파일</Filter>
    </ClInclude>
    <ClInclude Include="TextureManager.h">
      <Filter>헤더 파일</Filter>
    </ClInclude>
    <ClInclude Include="TextureShader.h">
      <Filter>헤더 파일</Filter>
    </ClInclude>
    <ClInclude Include="Timer.h">
      <Filter>헤더 파일</Filter>
    </ClInclude>
    <ClInclude Include="QuadTree.h">
      <Filter>헤더 파일</Filter>
    </ClInclude>
    <ClInclude Include="Minimap.h">
      <Filter>헤더 파일</Filter>
    </ClInclude>
    <ClInclude Include="particlesystemclass.h">
      <Filter>헤더 파일</Filter>
    </ClInclude>
    <ClInclude Include="particleshaderclass.h">
      <Filter>헤더 파일</Filter>
    </ClInclude>
  </ItemGroup>
</Project>